
Microsoft Visual Studio Solution File, Format Version 12.00
# Visual Studio Version 17
VisualStudioVersion = 17.2.32630.192
MinimumVisualStudioVersion = 10.0.40219.1
Project("{FAE04EC0-301F-11D3-BF4B-00C04F79EFBC}") = "WebApplication1", "WebApplication1\WebApplication1.csproj", "{E6BE1217-FD8B-4CE0-A524-6134C7CE864E}"
EndProject
Global
	GlobalSection(SolutionConfigurationPlatforms) = preSolution
		Debug|Any CPU = Debug|Any CPU
		Release|Any CPU = Release|Any CPU
	EndGlobalSection
	GlobalSection(ProjectConfigurationPlatforms) = postSolution
		{E6BE1217-FD8B-4CE0-A524-6134C7CE864E}.Debug|Any CPU.ActiveCfg = Debug|Any CPU
		{E6BE1217-FD8B-4CE0-A524-6134C7CE864E}.Debug|Any CPU.Build.0 = Debug|Any CPU
		{E6BE1217-FD8B-4CE0-A524-6134C7CE864E}.Release|Any CPU.ActiveCfg = Release|Any CPU
		{E6BE1217-FD8B-4CE0-A524-6134C7CE864E}.Release|Any CPU.Build.0 = Release|Any CPU
	EndGlobalSection
	GlobalSection(SolutionProperties) = preSolution
		HideSolutionNode = FALSE
	EndGlobalSection
	GlobalSection(ExtensibilityGlobals) = postSolution
		SolutionGuid = {7044DD37-AC0F-460A-90F0-AA391FAF46EC}
	EndGlobalSection
EndGlobal
